
Microsoft Visual Studio Solution File, Format Version 11.00
# Visual Studio 2010
Project("{FAE04EC0-301F-11D3-BF4B-00C04F79EFBC}") = "gradProj3", "Assembly-CSharp.csproj", "{F5C1E630-E0C1-FEC1-6098-D63D774DEE4E}"
EndProject
Global
	GlobalSection(SolutionConfigurationPlatforms) = preSolution
		Debug|Any CPU = Debug|Any CPU
		Release|Any CPU = Release|Any CPU
	EndGlobalSection
	GlobalSection(ProjectConfigurationPlatforms) = postSolution
		{F5C1E630-E0C1-FEC1-6098-D63D774DEE4E}.Debug|Any CPU.ActiveCfg = Debug|Any CPU
		{F5C1E630-E0C1-FEC1-6098-D63D774DEE4E}.Debug|Any CPU.Build.0 = Debug|Any CPU
		{F5C1E630-E0C1-FEC1-6098-D63D774DEE4E}.Release|Any CPU.ActiveCfg = Release|Any CPU
		{F5C1E630-E0C1-FEC1-6098-D63D774DEE4E}.Release|Any CPU.Build.0 = Release|Any CPU
	EndGlobalSection
	GlobalSection(SolutionProperties) = preSolution
		HideSolutionNode = FALSE
	EndGlobalSection
	GlobalSection(MonoDevelopProperties) = preSolution
		StartupItem = Assembly-CSharp.csproj
	EndGlobalSection
EndGlobal
